
Microsoft Visual Studio Solution File, Format Version 12.00
# Visual Studio Version 17
VisualStudioVersion = 17.6.33815.320
MinimumVisualStudioVersion = 10.0.40219.1
Project("{9A19103F-16F7-4668-BE54-9A1E7A4F7556}") = "GlobalChat.Data", "GlobalChat.Data\GlobalChat.Data.csproj", "{D41E388F-EFB1-4A69-93F6-6E493B3F3912}"
	ProjectSection(ProjectDependencies) = postProject
		{373C1A17-7CD1-422A-AA15-511F133DAD27} = {373C1A17-7CD1-422A-AA15-511F133DAD27}
	EndProjectSection
EndProject
Project("{9A19103F-16F7-4668-BE54-9A1E7A4F7556}") = "GlobalChat.Business", "GlobalChat.Model\GlobalChat.Business.csproj", "{373C1A17-7CD1-422A-AA15-511F133DAD27}"
EndProject
Project("{9A19103F-16F7-4668-BE54-9A1E7A4F7556}") = "GlobalChat.WebApi", "GlobalChat.WebApi\GlobalChat.WebApi.csproj", "{82519789-6FA1-4EB2-8882-781A75860C7F}"
EndProject
Project("{FAE04EC0-301F-11D3-BF4B-00C04F79EFBC}") = "GlobalChat.MAUI", "GlobalChat.MAUI\GlobalChat.MAUI.csproj", "{BEF463B9-7F8C-413A-AE84-B071ABC9130E}"
EndProject
Global
	GlobalSection(SolutionConfigurationPlatforms) = preSolution
		Debug|Any CPU = Debug|Any CPU
		Release|Any CPU = Release|Any CPU
	EndGlobalSection
	GlobalSection(ProjectConfigurationPlatforms) = postSolution
		{D41E388F-EFB1-4A69-93F6-6E493B3F3912}.Debug|Any CPU.ActiveCfg = Debug|Any CPU
		{D41E388F-EFB1-4A69-93F6-6E493B3F3912}.Debug|Any CPU.Build.0 = Debug|Any CPU
		{D41E388F-EFB1-4A69-93F6-6E493B3F3912}.Release|Any CPU.ActiveCfg = Release|Any CPU
		{D41E388F-EFB1-4A69-93F6-6E493B3F3912}.Release|Any CPU.Build.0 = Release|Any CPU
		{373C1A17-7CD1-422A-AA15-511F133DAD27}.Debug|Any CPU.ActiveCfg = Debug|Any CPU
		{373C1A17-7CD1-422A-AA15-511F133DAD27}.Debug|Any CPU.Build.0 = Debug|Any CPU
		{373C1A17-7CD1-422A-AA15-511F133DAD27}.Release|Any CPU.ActiveCfg = Release|Any CPU
		{373C1A17-7CD1-422A-AA15-511F133DAD27}.Release|Any CPU.Build.0 = Release|Any CPU
		{82519789-6FA1-4EB2-8882-781A75860C7F}.Debug|Any CPU.ActiveCfg = Debug|Any CPU
		{82519789-6FA1-4EB2-8882-781A75860C7F}.Debug|Any CPU.Build.0 = Debug|Any CPU
		{82519789-6FA1-4EB2-8882-781A75860C7F}.Release|Any CPU.ActiveCfg = Release|Any CPU
		{82519789-6FA1-4EB2-8882-781A75860C7F}.Release|Any CPU.Build.0 = Release|Any CPU
		{BEF463B9-7F8C-413A-AE84-B071ABC9130E}.Debug|Any CPU.ActiveCfg = Debug|Any CPU
		{BEF463B9-7F8C-413A-AE84-B071ABC9130E}.Debug|Any CPU.Build.0 = Debug|Any CPU
		{BEF463B9-7F8C-413A-AE84-B071ABC9130E}.Debug|Any CPU.Deploy.0 = Debug|Any CPU
		{BEF463B9-7F8C-413A-AE84-B071ABC9130E}.Release|Any CPU.ActiveCfg = Release|Any CPU
		{BEF463B9-7F8C-413A-AE84-B071ABC9130E}.Release|Any CPU.Build.0 = Release|Any CPU
		{BEF463B9-7F8C-413A-AE84-B071ABC9130E}.Release|Any CPU.Deploy.0 = Release|Any CPU
	EndGlobalSection
	GlobalSection(SolutionProperties) = preSolution
		HideSolutionNode = FALSE
	EndGlobalSection
	GlobalSection(ExtensibilityGlobals) = postSolution
		SolutionGuid = {BA2B929D-AA36-4F33-BF54-2E68937A3A34}
	EndGlobalSection
EndGlobal
